# This file is autogenerated, do not edit; changes may be undone by the next 'dep ensure'.


[[projects]]
  branch = "master"
  name = "github.com/32bitkid/bitreader"
  packages = ["."]
  revision = "c3a4602970db130ce14ca8d1e502241507bb426d"

[[projects]]
  branch = "master"
  name = "github.com/ahmetalpbalkan/go-cursor"
  packages = ["."]
  revision = "8136607ea412c5ae8b684cf60ae91f9b4127cae2"

[[projects]]
  branch = "master"
  name = "github.com/jacobsa/go-serial"
  packages = ["serial"]
  revision = "30e16169a71e9998d4d6932c4971d85357263c00"

[[projects]]
  name = "github.com/pkg/errors"
  packages = ["."]
  revision = "645ef00459ed84a119197bfb8d8205042c6df63d"
  version = "v0.8.0"

[[projects]]
  name = "github.com/urfave/cli"
  packages = ["."]
  revision = "cfb38830724cc34fedffe9a2a29fb54fa9169cd1"
  version = "v1.20.0"

[[projects]]
  branch = "master"
  name = "github.com/xlab/closer"
  packages = ["."]
  revision = "89cd22812c4fd5188746092cd10992caeffc75ab"

[[projects]]
  branch = "master"
  name = "golang.org/x/text"
  packages = ["encoding","encoding/internal","encoding/internal/identifier","encoding/japanese","internal/gen","transform","unicode/cldr"]
  revision = "d82c1812e304abfeeabd31e995a115a2855bf642"

[solve-meta]
  analyzer-name = "dep"
  analyzer-version = 1
  inputs-digest = "f934b6b53ea9a87d03fa612811e2950e23d7eecf286b9ad96e6c1267105afc53"
  solver-name = "gps-cdcl"
  solver-version = 1
